
Microsoft Visual Studio Solution File, Format Version 12.00
# Visual Studio Version 17
VisualStudioVersion = 17.13.35825.156 d17.13
MinimumVisualStudioVersion = 10.0.40219.1
Project("{FAE04EC0-301F-11D3-BF4B-00C04F79EFBC}") = "RobotSharp", "RobotSharp\RobotSharp.csproj", "{2FA8AB7F-379B-46E2-9731-C94A26DA633D}"
EndProject
Global
	GlobalSection(SolutionConfigurationPlatforms) = preSolution
		Debug|Any CPU = Debug|Any CPU
		Release|Any CPU = Release|Any CPU
	EndGlobalSection
	GlobalSection(ProjectConfigurationPlatforms) = postSolution
		{2FA8AB7F-379B-46E2-9731-C94A26DA633D}.Debug|Any CPU.ActiveCfg = Debug|Any CPU
		{2FA8AB7F-379B-46E2-9731-C94A26DA633D}.Debug|Any CPU.Build.0 = Debug|Any CPU
		{2FA8AB7F-379B-46E2-9731-C94A26DA633D}.Release|Any CPU.ActiveCfg = Release|Any CPU
		{2FA8AB7F-379B-46E2-9731-C94A26DA633D}.Release|Any CPU.Build.0 = Release|Any CPU
	EndGlobalSection
	GlobalSection(SolutionProperties) = preSolution
		HideSolutionNode = FALSE
	EndGlobalSection
	GlobalSection(ExtensibilityGlobals) = postSolution
		SolutionGuid = {994D5453-85CC-432B-8729-0BA82B1B9434}
	EndGlobalSection
EndGlobal
